
Microsoft Visual Studio Solution File, Format Version 12.00
# Visual Studio Version 16
VisualStudioVersion = 16.0.29509.3
MinimumVisualStudioVersion = 10.0.40219.1
Project("{FAE04EC0-301F-11D3-BF4B-00C04F79EFBC}") = "PereschetSemenov_WinForm", "PereschetSemenov_WinForm.csproj", "{3EA7FF30-2880-438D-A4A0-1F613805602E}"
EndProject
Global
	GlobalSection(SolutionConfigurationPlatforms) = preSolution
		Debug|Any CPU = Debug|Any CPU
		Release|Any CPU = Release|Any CPU
	EndGlobalSection
	GlobalSection(ProjectConfigurationPlatforms) = postSolution
		{3EA7FF30-2880-438D-A4A0-1F613805602E}.Debug|Any CPU.ActiveCfg = Debug|Any CPU
		{3EA7FF30-2880-438D-A4A0-1F613805602E}.Debug|Any CPU.Build.0 = Debug|Any CPU
		{3EA7FF30-2880-438D-A4A0-1F613805602E}.Release|Any CPU.ActiveCfg = Release|Any CPU
		{3EA7FF30-2880-438D-A4A0-1F613805602E}.Release|Any CPU.Build.0 = Release|Any CPU
	EndGlobalSection
	GlobalSection(SolutionProperties) = preSolution
		HideSolutionNode = FALSE
	EndGlobalSection
	GlobalSection(ExtensibilityGlobals) = postSolution
		SolutionGuid = {3603C762-A30E-48FA-93F2-B78059A034C7}
	EndGlobalSection
EndGlobal
